// !$*UTF8*$!
{
	archiveVersion = 1;
	classes = {
	};
	objectVersion = 46;
	objects = {

/* Begin PBXBuildFile section */
		A2F33CD21A2A7F70003FC2AA /* AppDelegate.swift in Sources */ = {isa = PBXBuildFile; fileRef = A2F33CD11A2A7F70003FC2AA /* AppDelegate.swift */; };
		A2F33CD41A2A7F70003FC2AA /* ViewController.swift in Sources */ = {isa = PBXBuildFile; fileRef = A2F33CD31A2A7F70003FC2AA /* ViewController.swift */; };
		A2F33CD71A2A7F70003FC2AA /* Main.storyboard in Resources */ = {isa = PBXBuildFile; fileRef = A2F33CD51A2A7F70003FC2AA /* Main.storyboard */; };
		A2F33CD91A2A7F70003FC2AA /* Images.xcassets in Resources */ = {isa = PBXBuildFile; fileRef = A2F33CD81A2A7F70003FC2AA /* Images.xcassets */; };
		A2F33CDC1A2A7F70003FC2AA /* LaunchScreen.xib in Resources */ = {isa = PBXBuildFile; fileRef = A2F33CDA1A2A7F70003FC2AA /* LaunchScreen.xib */; };
		A2F33CE81A2A7F70003FC2AA /* palabrazTests.swift in Sources */ = {isa = PBXBuildFile; fileRef = A2F33CE71A2A7F70003FC2AA /* palabrazTests.swift */; };
/* End PBXBuildFile section */

/* Begin PBXContainerItemProxy section */
		A2F33CE21A2A7F70003FC2AA /* PBXContainerItemProxy */ = {
			isa = PBXContainerItemProxy;
			containerPortal = A2F33CC41A2A7F70003FC2AA /* Project object */;
			proxyType = 1;
			remoteGlobalIDString = A2F33CCB1A2A7F70003FC2AA;
			remoteInfo = palabraz;
		};
/* End PBXContainerItemProxy section */

/* Begin PBXFileReference section */
		A2F33CCC1A2A7F70003FC2AA /* palabraz.app */ = {isa = PBXFileReference; explicitFileType = wrapper.application; includeInIndex = 0; path = palabraz.app; sourceTree = BUILT_PRODUCTS_DIR; };
		A2F33CD01A2A7F70003FC2AA /* Info.plist */ = {isa = PBXFileReference; lastKnownFileType = text.plist.xml; path = Info.plist; sourceTree = "<group>"; };
		A2F33CD11A2A7F70003FC2AA /* AppDelegate.swift */ = {isa = PBXFileReference; lastKnownFileType = sourcecode.swift; path = AppDelegate.swift; sourceTree = "<group>"; };
		A2F33CD31A2A7F70003FC2AA /* ViewController.swift */ = {isa = PBXFileReference; lastKnownFileType = sourcecode.swift; path = ViewController.swift; sourceTree = "<group>"; };
		A2F33CD61A2A7F70003FC2AA /* Base */ = {isa = PBXFileReference; lastKnownFileType = file.storyboard; name = Base; path = Base.lproj/Main.storyboard; sourceTree = "<group>"; };
		A2F33CD81A2A7F70003FC2AA /* Images.xcassets */ = {isa = PBXFileReference; lastKnownFileType = folder.assetcatalog; path = Images.xcassets; sourceTree = "<group>"; };
		A2F33CDB1A2A7F70003FC2AA /* Base */ = {isa = PBXFileReference; lastKnownFileType = file.xib; name = Base; path = Base.lproj/LaunchScreen.xib; sourceTree = "<group>"; };
		A2F33CE11A2A7F70003FC2AA /* palabrazTests.xctest */ = {isa = PBXFileReference; explicitFileType = wrapper.cfbundle; includeInIndex = 0; path = palabrazTests.xctest; sourceTree = BUILT_PRODUCTS_DIR; };
		A2F33CE61A2A7F70003FC2AA /* Info.plist */ = {isa = PBXFileReference; lastKnownFileType = text.plist.xml; path = Info.plist; sourceTree = "<group>"; };
		A2F33CE71A2A7F70003FC2AA /* palabrazTests.swift */ = {isa = PBXFileReference; lastKnownFileType = sourcecode.swift; path = palabrazTests.swift; sourceTree = "<group>"; };
/* End PBXFileReference section */

/* Begin PBXFrameworksBuildPhase section */
		A2F33CC91A2A7F70003FC2AA /* Frameworks */ = {
			isa = PBXFrameworksBuildPhase;
			buildActionMask = 2147483647;
			files = (
			);
			runOnlyForDeploymentPostprocessing = 0;
		};
		A2F33CDE1A2A7F70003FC2AA /* Frameworks */ = {
			isa = PBXFrameworksBuildPhase;
			buildActionMask = 2147483647;
			files = (
			);
			runOnlyForDeploymentPostprocessing = 0;
		};
/* End PBXFrameworksBuildPhase section */

/* Begin PBXGroup section */
		A2F33CC31A2A7F70003FC2AA = {
			isa = PBXGroup;
			children = (
				A2F33CCE1A2A7F70003FC2AA /* palabraz */,
				A2F33CE41A2A7F70003FC2AA /* palabrazTests */,
				A2F33CCD1A2A7F70003FC2AA /* Products */,
			);
			sourceTree = "<group>";
		};
		A2F33CCD1A2A7F70003FC2AA /* Products */ = {
			isa = PBXGroup;
			children = (
				A2F33CCC1A2A7F70003FC2AA /* palabraz.app */,
				A2F33CE11A2A7F70003FC2AA /* palabrazTests.xctest */,
			);
			name = Products;
			sourceTree = "<group>";
		};
		A2F33CCE1A2A7F70003FC2AA /* palabraz */ = {
			isa = PBXGroup;
			children = (
				A2F33CD11A2A7F70003FC2AA /* AppDelegate.swift */,
				A2F33CD31A2A7F70003FC2AA /* ViewController.swift */,
				A2F33CD51A2A7F70003FC2AA /* Main.storyboard */,
				A2F33CD81A2A7F70003FC2AA /* Images.xcassets */,
				A2F33CDA1A2A7F70003FC2AA /* LaunchScreen.xib */,
				A2F33CCF1A2A7F70003FC2AA /* Supporting Files */,
			);
			path = palabraz;
			sourceTree = "<group>";
		};
		A2F33CCF1A2A7F70003FC2AA /* Supporting Files */ = {
			isa = PBXGroup;
			children = (
				A2F33CD01A2A7F70003FC2AA /* Info.plist */,
			);
			name = "Supporting Files";
			sourceTree = "<group>";
		};
		A2F33CE41A2A7F70003FC2AA /* palabrazTests */ = {
			isa = PBXGroup;
			children = (
				A2F33CE71A2A7F70003FC2AA /* palabrazTests.swift */,
				A2F33CE51A2A7F70003FC2AA /* Supporting Files */,
			);
			path = palabrazTests;
			sourceTree = "<group>";
		};
		A2F33CE51A2A7F70003FC2AA /* Supporting Files */ = {
			isa = PBXGroup;
			children = (
				A2F33CE61A2A7F70003FC2AA /* Info.plist */,
			);
			name = "Supporting Files";
			sourceTree = "<group>";
		};
/* End PBXGroup section */

/* Begin PBXNativeTarget section */
		A2F33CCB1A2A7F70003FC2AA /* palabraz */ = {
			isa = PBXNativeTarget;
			buildConfigurationList = A2F33CEB1A2A7F70003FC2AA /* Build configuration list for PBXNativeTarget "palabraz" */;
			buildPhases = (
				A2F33CC81A2A7F70003FC2AA /* Sources */,
				A2F33CC91A2A7F70003FC2AA /* Frameworks */,
				A2F33CCA1A2A7F70003FC2AA /* Resources */,
			);
			buildRules = (
			);
			dependencies = (
			);
			name = palabraz;
			productName = palabraz;
			productReference = A2F33CCC1A2A7F70003FC2AA /* palabraz.app */;
			productType = "com.apple.product-type.application";
		};
		A2F33CE01A2A7F70003FC2AA /* palabrazTests */ = {
			isa = PBXNativeTarget;
			buildConfigurationList = A2F33CEE1A2A7F70003FC2AA /* Build configuration list for PBXNativeTarget "palabrazTests" */;
			buildPhases = (
				A2F33CDD1A2A7F70003FC2AA /* Sources */,
				A2F33CDE1A2A7F70003FC2AA /* Frameworks */,
				A2F33CDF1A2A7F70003FC2AA /* Resources */,
			);
			buildRules = (
			);
			dependencies = (
				A2F33CE31A2A7F70003FC2AA /* PBXTargetDependency */,
			);
			name = palabrazTests;
			productName = palabrazTests;
			productReference = A2F33CE11A2A7F70003FC2AA /* palabrazTests.xctest */;
			productType = "com.apple.product-type.bundle.unit-test";
		};
/* End PBXNativeTarget section */

/* Begin PBXProject section */
		A2F33CC41A2A7F70003FC2AA /* Project object */ = {
			isa = PBXProject;
			attributes = {
				LastUpgradeCheck = 0610;
				ORGANIZATIONNAME = "Dharwin Aaron Perez Rodriguez";
				TargetAttributes = {
					A2F33CCB1A2A7F70003FC2AA = {
						CreatedOnToolsVersion = 6.1;
					};
					A2F33CE01A2A7F70003FC2AA = {
						CreatedOnToolsVersion = 6.1;
						TestTargetID = A2F33CCB1A2A7F70003FC2AA;
					};
				};
			};
			buildConfigurationList = A2F33CC71A2A7F70003FC2AA /* Build configuration list for PBXProject "palabraz" */;
			compatibilityVersion = "Xcode 3.2";
			developmentRegion = English;
			hasScannedForEncodings = 0;
			knownRegions = (
				en,
				Base,
			);
			mainGroup = A2F33CC31A2A7F70003FC2AA;
			productRefGroup = A2F33CCD1A2A7F70003FC2AA /* Products */;
			projectDirPath = "";
			projectRoot = "";
			targets = (
				A2F33CCB1A2A7F70003FC2AA /* palabraz */,
				A2F33CE01A2A7F70003FC2AA /* palabrazTests */,
			);
		};
/* End PBXProject section */

/* Begin PBXResourcesBuildPhase section */
		A2F33CCA1A2A7F70003FC2AA /* Resources */ = {
			isa = PBXResourcesBuildPhase;
			buildActionMask = 2147483647;
			files = (
				A2F33CD71A2A7F70003FC2AA /* Main.storyboard in Resources */,
				A2F33CDC1A2A7F70003FC2AA /* LaunchScreen.xib in Resources */,
				A2F33CD91A2A7F70003FC2AA /* Images.xcassets in Resources */,
			);
			runOnlyForDeploymentPostprocessing = 0;
		};
		A2F33CDF1A2A7F70003FC2AA /* Resources */ = {
			isa = PBXResourcesBuildPhase;
			buildActionMask = 2147483647;
			files = (
			);
			runOnlyForDeploymentPostprocessing = 0;
		};
/* End PBXResourcesBuildPhase section */

/* Begin PBXSourcesBuildPhase section */
		A2F33CC81A2A7F70003FC2AA /* Sources */ = {
			isa = PBXSourcesBuildPhase;
			buildActionMask = 2147483647;
			files = (
				A2F33CD41A2A7F70003FC2AA /* ViewController.swift in Sources */,
				A2F33CD21A2A7F70003FC2AA /* AppDelegate.swift in Sources */,
			);
			runOnlyForDeploymentPostprocessing = 0;
		};
		A2F33CDD1A2A7F70003FC2AA /* Sources */ = {
			isa = PBXSourcesBuildPhase;
			buildActionMask = 2147483647;
			files = (
				A2F33CE81A2A7F70003FC2AA /* palabrazTests.swift in Sources */,
			);
			runOnlyForDeploymentPostprocessing = 0;
		};
/* End PBXSourcesBuildPhase section */

/* Begin PBXTargetDependency section */
		A2F33CE31A2A7F70003FC2AA /* PBXTargetDependency */ = {
			isa = PBXTargetDependency;
			target = A2F33CCB1A2A7F70003FC2AA /* palabraz */;
			targetProxy = A2F33CE21A2A7F70003FC2AA /* PBXContainerItemProxy */;
		};
/* End PBXTargetDependency section */

/* Begin PBXVariantGroup section */
		A2F33CD51A2A7F70003FC2AA /* Main.storyboard */ = {
			isa = PBXVariantGroup;
			children = (
				A2F33CD61A2A7F70003FC2AA /* Base */,
			);
			name = Main.storyboard;
			sourceTree = "<group>";
		};
		A2F33CDA1A2A7F70003FC2AA /* LaunchScreen.xib */ = {
			isa = PBXVariantGroup;
			children = (
				A2F33CDB1A2A7F70003FC2AA /* Base */,
			);
			name = LaunchScreen.xib;
			sourceTree = "<group>";
		};
/* End PBXVariantGroup section */

/* Begin XCBuildConfiguration section */
		A2F33CE91A2A7F70003FC2AA /* Debug */ = {
			isa = XCBuildConfiguration;
			buildSettings = {
				ALWAYS_SEARCH_USER_PATHS = NO;
				CLANG_CXX_LANGUAGE_STANDARD = "gnu++0x";
				CLANG_CXX_LIBRARY = "libc++";
				CLANG_ENABLE_MODULES = YES;
				CLANG_ENABLE_OBJC_ARC = YES;
				CLANG_WARN_BOOL_CONVERSION = YES;
				CLANG_WARN_CONSTANT_CONVERSION = YES;
				CLANG_WARN_DIRECT_OBJC_ISA_USAGE = YES_ERROR;
				CLANG_WARN_EMPTY_BODY = YES;
				CLANG_WARN_ENUM_CONVERSION = YES;
				CLANG_WARN_INT_CONVERSION = YES;
				CLANG_WARN_OBJC_ROOT_CLASS = YES_ERROR;
				CLANG_WARN_UNREACHABLE_CODE = YES;
				CLANG_WARN__DUPLICATE_METHOD_MATCH = YES;
				"CODE_SIGN_IDENTITY[sdk=iphoneos*]" = "iPhone Developer";
				COPY_PHASE_STRIP = NO;
				ENABLE_STRICT_OBJC_MSGSEND = YES;
				GCC_C_LANGUAGE_STANDARD = gnu99;
				GCC_DYNAMIC_NO_PIC = NO;
				GCC_OPTIMIZATION_LEVEL = 0;
				GCC_PREPROCESSOR_DEFINITIONS = (
					"DEBUG=1",
					"$(inherited)",
				);
				GCC_SYMBOLS_PRIVATE_EXTERN = NO;
				GCC_WARN_64_TO_32_BIT_CONVERSION = YES;
				GCC_WARN_ABOUT_RETURN_TYPE = YES_ERROR;
				GCC_WARN_UNDECLARED_SELECTOR = YES;
				GCC_WARN_UNINITIALIZED_AUTOS = YES_AGGRESSIVE;
				GCC_WARN_UNUSED_FUNCTION = YES;
				GCC_WARN_UNUSED_VARIABLE = YES;
				IPHONEOS_DEPLOYMENT_TARGET = 8.1;
				MTL_ENABLE_DEBUG_INFO = YES;
				ONLY_ACTIVE_ARCH = YES;
				SDKROOT = iphoneos;
				SWIFT_OPTIMIZATION_LEVEL = "-Onone";
			};
			name = Debug;
		};
		A2F33CEA1A2A7F70003FC2AA /* Release */ = {
			isa = XCBuildConfiguration;
			buildSettings = {
				ALWAYS_SEARCH_USER_PATHS = NO;
				CLANG_CXX_LANGUAGE_STANDARD = "gnu++0x";
				CLANG_CXX_LIBRARY = "libc++";
				CLANG_ENABLE_MODULES = YES;
				CLANG_ENABLE_OBJC_ARC = YES;
				CLANG_WARN_BOOL_CONVERSION = YES;
				CLANG_WARN_CONSTANT_CONVERSION = YES;
				CLANG_WARN_DIRECT_OBJC_ISA_USAGE = YES_ERROR;
				CLANG_WARN_EMPTY_BODY = YES;
				CLANG_WARN_ENUM_CONVERSION = YES;
				CLANG_WARN_INT_CONVERSION = YES;
				CLANG_WARN_OBJC_ROOT_CLASS = YES_ERROR;
				CLANG_WARN_UNREACHABLE_CODE = YES;
				CLANG_WARN__DUPLICATE_METHOD_MATCH = YES;
				"CODE_SIGN_IDENTITY[sdk=iphoneos*]" = "iPhone Developer";
				COPY_PHASE_STRIP = YES;
				ENABLE_NS_ASSERTIONS = NO;
				ENABLE_STRICT_OBJC_MSGSEND = YES;
				GCC_C_LANGUAGE_STANDARD = gnu99;
				GCC_WARN_64_TO_32_BIT_CONVERSION = YES;
				GCC_WARN_ABOUT_RETURN_TYPE = YES_ERROR;
				GCC_WARN_UNDECLARED_SELECTOR = YES;
				GCC_WARN_UNINITIALIZED_AUTOS = YES_AGGRESSIVE;
				GCC_WARN_UNUSED_FUNCTION = YES;
				GCC_WARN_UNUSED_VARIABLE = YES;
				IPHONEOS_DEPLOYMENT_TARGET = 8.1;
				MTL_ENABLE_DEBUG_INFO = NO;
				SDKROOT = iphoneos;
				VALIDATE_PRODUCT = YES;
			};
			name = Release;
		};
		A2F33CEC1A2A7F70003FC2AA /* Debug */ = {
			isa = XCBuildConfiguration;
			buildSettings = {
				ASSETCATALOG_COMPILER_APPICON_NAME = AppIcon;
				INFOPLIST_FILE = palabraz/Info.plist;
				LD_RUNPATH_SEARCH_PATHS = "$(inherited) @executable_path/Frameworks";
				PRODUCT_NAME = "$(TARGET_NAME)";
			};
			name = Debug;
		};
		A2F33CED1A2A7F70003FC2AA /* Release */ = {
			isa = XCBuildConfiguration;
			buildSettings = {
				ASSETCATALOG_COMPILER_APPICON_NAME = AppIcon;
				INFOPLIST_FILE = palabraz/Info.plist;
				LD_RUNPATH_SEARCH_PATHS = "$(inherited) @executable_path/Frameworks";
				PRODUCT_NAME = "$(TARGET_NAME)";
			};
			name = Release;
		};
		A2F33CEF1A2A7F70003FC2AA /* Debug */ = {
			isa = XCBuildConfiguration;
			buildSettings = {
				BUNDLE_LOADER = "$(TEST_HOST)";
				FRAMEWORK_SEARCH_PATHS = (
					"$(SDKROOT)/Developer/Library/Frameworks",
					"$(inherited)",
				);
				GCC_PREPROCESSOR_DEFINITIONS = (
					"DEBUG=1",
					"$(inherited)",
				);
				INFOPLIST_FILE = palabrazTests/Info.plist;
				LD_RUNPATH_SEARCH_PATHS = "$(inherited) @executable_path/Frameworks @loader_path/Frameworks";
				PRODUCT_NAME = "$(TARGET_NAME)";
				TEST_HOST = "$(BUILT_PRODUCTS_DIR)/palabraz.app/palabraz";
			};
			name = Debug;
		};
		A2F33CF01A2A7F70003FC2AA /* Release */ = {
			isa = XCBuildConfiguration;
			buildSettings = {
				BUNDLE_LOADER = "$(TEST_HOST)";
				FRAMEWORK_SEARCH_PATHS = (
					"$(SDKROOT)/Developer/Library/Frameworks",
					"$(inherited)",
				);
				INFOPLIST_FILE = palabrazTests/Info.plist;
				LD_RUNPATH_SEARCH_PATHS = "$(inherited) @executable_path/Frameworks @loader_path/Frameworks";
				PRODUCT_NAME = "$(TARGET_NAME)";
				TEST_HOST = "$(BUILT_PRODUCTS_DIR)/palabraz.app/palabraz";
			};
			name = Release;
		};
/* End XCBuildConfiguration section */

/* Begin XCConfigurationList section */
		A2F33CC71A2A7F70003FC2AA /* Build configuration list for PBXProject "palabraz" */ = {
			isa = XCConfigurationList;
			buildConfigurations = (
				A2F33CE91A2A7F70003FC2AA /* Debug */,
				A2F33CEA1A2A7F70003FC2AA /* Release */,
			);
			defaultConfigurationIsVisible = 0;
			defaultConfigurationName = Release;
		};
		A2F33CEB1A2A7F70003FC2AA /* Build configuration list for PBXNativeTarget "palabraz" */ = {
			isa = XCConfigurationList;
			buildConfigurations = (
				A2F33CEC1A2A7F70003FC2AA /* Debug */,
				A2F33CED1A2A7F70003FC2AA /* Release */,
			);
			defaultConfigurationIsVisible = 0;
		};
		A2F33CEE1A2A7F70003FC2AA /* Build configuration list for PBXNativeTarget "palabrazTests" */ = {
			isa = XCConfigurationList;
			buildConfigurations = (
				A2F33CEF1A2A7F70003FC2AA /* Debug */,
				A2F33CF01A2A7F70003FC2AA /* Release */,
			);
			defaultConfigurationIsVisible = 0;
		};
/* End XCConfigurationList section */
	};
	rootObject = A2F33CC41A2A7F70003FC2AA /* Project object */;
}
